
Microsoft Visual Studio Solution File, Format Version 12.00
# Visual Studio Version 17
VisualStudioVersion = 17.14.36301.6 d17.14
MinimumVisualStudioVersion = 10.0.40219.1
Project("{FAE04EC0-301F-11D3-BF4B-00C04F79EFBC}") = "CTBans", "CTBans.csproj", "{1BE59F5F-1C71-E8DC-2823-6A9CE3EA7E2D}"
EndProject
Global
	GlobalSection(SolutionConfigurationPlatforms) = preSolution
		Debug|Any CPU = Debug|Any CPU
		Release|Any CPU = Release|Any CPU
	EndGlobalSection
	GlobalSection(ProjectConfigurationPlatforms) = postSolution
		{1BE59F5F-1C71-E8DC-2823-6A9CE3EA7E2D}.Debug|Any CPU.ActiveCfg = Debug|Any CPU
		{1BE59F5F-1C71-E8DC-2823-6A9CE3EA7E2D}.Debug|Any CPU.Build.0 = Debug|Any CPU
		{1BE59F5F-1C71-E8DC-2823-6A9CE3EA7E2D}.Release|Any CPU.ActiveCfg = Release|Any CPU
		{1BE59F5F-1C71-E8DC-2823-6A9CE3EA7E2D}.Release|Any CPU.Build.0 = Release|Any CPU
	EndGlobalSection
	GlobalSection(SolutionProperties) = preSolution
		HideSolutionNode = FALSE
	EndGlobalSection
	GlobalSection(ExtensibilityGlobals) = postSolution
		SolutionGuid = {C24C2E12-19DE-4330-AA42-D964BBD4E345}
	EndGlobalSection
EndGlobal
